
Microsoft Visual Studio Solution File, Format Version 12.00
# Visual Studio 15
VisualStudioVersion = 15.0.26228.4
MinimumVisualStudioVersion = 10.0.40219.1
Project("{FAE04EC0-301F-11D3-BF4B-00C04F79EFBC}") = "AspNetCore.ClassicBundles", "AspNetCore.ClassicBundles\AspNetCore.ClassicBundles.csproj", "{7DC7C256-9F3C-4F22-A1B4-5B6B983EF7C4}"
EndProject
Project("{FAE04EC0-301F-11D3-BF4B-00C04F79EFBC}") = "AspNetCore.ClassicBundles.Demo", "AspNetCore.ClassicBundles.Demo\AspNetCore.ClassicBundles.Demo.csproj", "{7C106F45-765E-42C1-9909-DBB0A3739595}"
EndProject
Project("{FAE04EC0-301F-11D3-BF4B-00C04F79EFBC}") = "AspNetCore.ClassicBundles.TagHelpers", "AspNetCore.ClassicBundles.TagHelpers\AspNetCore.ClassicBundles.TagHelpers.csproj", "{069F9012-7B99-4851-A1C2-9D1F289D5483}"
EndProject
Project("{FAE04EC0-301F-11D3-BF4B-00C04F79EFBC}") = "AspNetCore.ClassicBundles.xUnit", "AspNetCore.ClassicBundles.xUnit\AspNetCore.ClassicBundles.xUnit.csproj", "{5935C55B-D4F6-40F8-8A37-EF0FF7F196E7}"
EndProject
Global
	GlobalSection(SolutionConfigurationPlatforms) = preSolution
		Debug|Any CPU = Debug|Any CPU
		Debug|x64 = Debug|x64
		Debug|x86 = Debug|x86
		Release|Any CPU = Release|Any CPU
		Release|x64 = Release|x64
		Release|x86 = Release|x86
	EndGlobalSection
	GlobalSection(ProjectConfigurationPlatforms) = postSolution
		{7DC7C256-9F3C-4F22-A1B4-5B6B983EF7C4}.Debug|Any CPU.ActiveCfg = Debug|Any CPU
		{7DC7C256-9F3C-4F22-A1B4-5B6B983EF7C4}.Debug|Any CPU.Build.0 = Debug|Any CPU
		{7DC7C256-9F3C-4F22-A1B4-5B6B983EF7C4}.Debug|x64.ActiveCfg = Debug|Any CPU
		{7DC7C256-9F3C-4F22-A1B4-5B6B983EF7C4}.Debug|x64.Build.0 = Debug|Any CPU
		{7DC7C256-9F3C-4F22-A1B4-5B6B983EF7C4}.Debug|x86.ActiveCfg = Debug|Any CPU
		{7DC7C256-9F3C-4F22-A1B4-5B6B983EF7C4}.Debug|x86.Build.0 = Debug|Any CPU
		{7DC7C256-9F3C-4F22-A1B4-5B6B983EF7C4}.Release|Any CPU.ActiveCfg = Release|Any CPU
		{7DC7C256-9F3C-4F22-A1B4-5B6B983EF7C4}.Release|Any CPU.Build.0 = Release|Any CPU
		{7DC7C256-9F3C-4F22-A1B4-5B6B983EF7C4}.Release|x64.ActiveCfg = Release|Any CPU
		{7DC7C256-9F3C-4F22-A1B4-5B6B983EF7C4}.Release|x64.Build.0 = Release|Any CPU
		{7DC7C256-9F3C-4F22-A1B4-5B6B983EF7C4}.Release|x86.ActiveCfg = Release|Any CPU
		{7DC7C256-9F3C-4F22-A1B4-5B6B983EF7C4}.Release|x86.Build.0 = Release|Any CPU
		{7C106F45-765E-42C1-9909-DBB0A3739595}.Debug|Any CPU.ActiveCfg = Debug|Any CPU
		{7C106F45-765E-42C1-9909-DBB0A3739595}.Debug|Any CPU.Build.0 = Debug|Any CPU
		{7C106F45-765E-42C1-9909-DBB0A3739595}.Debug|x64.ActiveCfg = Debug|Any CPU
		{7C106F45-765E-42C1-9909-DBB0A3739595}.Debug|x64.Build.0 = Debug|Any CPU
		{7C106F45-765E-42C1-9909-DBB0A3739595}.Debug|x86.ActiveCfg = Debug|Any CPU
		{7C106F45-765E-42C1-9909-DBB0A3739595}.Debug|x86.Build.0 = Debug|Any CPU
		{7C106F45-765E-42C1-9909-DBB0A3739595}.Release|Any CPU.ActiveCfg = Release|Any CPU
		{7C106F45-765E-42C1-9909-DBB0A3739595}.Release|Any CPU.Build.0 = Release|Any CPU
		{7C106F45-765E-42C1-9909-DBB0A3739595}.Release|x64.ActiveCfg = Release|Any CPU
		{7C106F45-765E-42C1-9909-DBB0A3739595}.Release|x64.Build.0 = Release|Any CPU
		{7C106F45-765E-42C1-9909-DBB0A3739595}.Release|x86.ActiveCfg = Release|Any CPU
		{7C106F45-765E-42C1-9909-DBB0A3739595}.Release|x86.Build.0 = Release|Any CPU
		{069F9012-7B99-4851-A1C2-9D1F289D5483}.Debug|Any CPU.ActiveCfg = Debug|Any CPU
		{069F9012-7B99-4851-A1C2-9D1F289D5483}.Debug|Any CPU.Build.0 = Debug|Any CPU
		{069F9012-7B99-4851-A1C2-9D1F289D5483}.Debug|x64.ActiveCfg = Debug|Any CPU
		{069F9012-7B99-4851-A1C2-9D1F289D5483}.Debug|x64.Build.0 = Debug|Any CPU
		{069F9012-7B99-4851-A1C2-9D1F289D5483}.Debug|x86.ActiveCfg = Debug|Any CPU
		{069F9012-7B99-4851-A1C2-9D1F289D5483}.Debug|x86.Build.0 = Debug|Any CPU
		{069F9012-7B99-4851-A1C2-9D1F289D5483}.Release|Any CPU.ActiveCfg = Release|Any CPU
		{069F9012-7B99-4851-A1C2-9D1F289D5483}.Release|Any CPU.Build.0 = Release|Any CPU
		{069F9012-7B99-4851-A1C2-9D1F289D5483}.Release|x64.ActiveCfg = Release|Any CPU
		{069F9012-7B99-4851-A1C2-9D1F289D5483}.Release|x64.Build.0 = Release|Any CPU
		{069F9012-7B99-4851-A1C2-9D1F289D5483}.Release|x86.ActiveCfg = Release|Any CPU
		{069F9012-7B99-4851-A1C2-9D1F289D5483}.Release|x86.Build.0 = Release|Any CPU
		{5935C55B-D4F6-40F8-8A37-EF0FF7F196E7}.Debug|Any CPU.ActiveCfg = Debug|Any CPU
		{5935C55B-D4F6-40F8-8A37-EF0FF7F196E7}.Debug|Any CPU.Build.0 = Debug|Any CPU
		{5935C55B-D4F6-40F8-8A37-EF0FF7F196E7}.Debug|x64.ActiveCfg = Debug|Any CPU
		{5935C55B-D4F6-40F8-8A37-EF0FF7F196E7}.Debug|x64.Build.0 = Debug|Any CPU
		{5935C55B-D4F6-40F8-8A37-EF0FF7F196E7}.Debug|x86.ActiveCfg = Debug|Any CPU
		{5935C55B-D4F6-40F8-8A37-EF0FF7F196E7}.Debug|x86.Build.0 = Debug|Any CPU
		{5935C55B-D4F6-40F8-8A37-EF0FF7F196E7}.Release|Any CPU.ActiveCfg = Release|Any CPU
		{5935C55B-D4F6-40F8-8A37-EF0FF7F196E7}.Release|Any CPU.Build.0 = Release|Any CPU
		{5935C55B-D4F6-40F8-8A37-EF0FF7F196E7}.Release|x64.ActiveCfg = Release|Any CPU
		{5935C55B-D4F6-40F8-8A37-EF0FF7F196E7}.Release|x64.Build.0 = Release|Any CPU
		{5935C55B-D4F6-40F8-8A37-EF0FF7F196E7}.Release|x86.ActiveCfg = Release|Any CPU
		{5935C55B-D4F6-40F8-8A37-EF0FF7F196E7}.Release|x86.Build.0 = Release|Any CPU
	EndGlobalSection
	GlobalSection(SolutionProperties) = preSolution
		HideSolutionNode = FALSE
	EndGlobalSection
EndGlobal
